
Microsoft Visual Studio Solution File, Format Version 12.00
# Visual Studio Version 16
VisualStudioVersion = 16.0.29021.104
MinimumVisualStudioVersion = 10.0.40219.1
Project("{FAE04EC0-301F-11D3-BF4B-00C04F79EFBC}") = "Manipulations", "Manipulations\Manipulations.csproj", "{07AD9DF1-2EEB-4DEF-9762-CB2D0CD2A43C}"
EndProject
Project("{FAE04EC0-301F-11D3-BF4B-00C04F79EFBC}") = "ManipulationsTests", "..\ManipulationsTests\ManipulationsTests.csproj", "{F4A05EEC-4854-4FBA-A9CE-F8DEBBC02114}"
EndProject
Global
	GlobalSection(SolutionConfigurationPlatforms) = preSolution
		Debug|Any CPU = Debug|Any CPU
		Release|Any CPU = Release|Any CPU
	EndGlobalSection
	GlobalSection(ProjectConfigurationPlatforms) = postSolution
		{07AD9DF1-2EEB-4DEF-9762-CB2D0CD2A43C}.Debug|Any CPU.ActiveCfg = Debug|Any CPU
		{07AD9DF1-2EEB-4DEF-9762-CB2D0CD2A43C}.Debug|Any CPU.Build.0 = Debug|Any CPU
		{07AD9DF1-2EEB-4DEF-9762-CB2D0CD2A43C}.Release|Any CPU.ActiveCfg = Release|Any CPU
		{07AD9DF1-2EEB-4DEF-9762-CB2D0CD2A43C}.Release|Any CPU.Build.0 = Release|Any CPU
		{F4A05EEC-4854-4FBA-A9CE-F8DEBBC02114}.Debug|Any CPU.ActiveCfg = Debug|Any CPU
		{F4A05EEC-4854-4FBA-A9CE-F8DEBBC02114}.Debug|Any CPU.Build.0 = Debug|Any CPU
		{F4A05EEC-4854-4FBA-A9CE-F8DEBBC02114}.Release|Any CPU.ActiveCfg = Release|Any CPU
		{F4A05EEC-4854-4FBA-A9CE-F8DEBBC02114}.Release|Any CPU.Build.0 = Release|Any CPU
	EndGlobalSection
	GlobalSection(SolutionProperties) = preSolution
		HideSolutionNode = FALSE
	EndGlobalSection
	GlobalSection(ExtensibilityGlobals) = postSolution
		SolutionGuid = {FDC4D80A-A93A-43F7-8FBF-061BF85252DC}
	EndGlobalSection
EndGlobal
